{
  "name": "crud-ajax-simples",
  "version": "0.0.2",
  "lockfileVersion": 1,
  "requires": true,
  "dependencies": {
    "vform": {
      "version": "1.0.0",
      "resolved": "https://registry.npmjs.org/vform/-/vform-1.0.0.tgz",
      "integrity": "sha512-9X17bCzeWW6quND76TxouUgV221gFXqBllLTQjvj8MZgqAmi3bsY578f7EeYI9nvuv2LdyLTW4YcuPlIqqLdDw=="
    }
  }
}
